
Microsoft Visual Studio Solution File, Format Version 12.00
# Visual Studio Version 16
VisualStudioVersion = 16.0.34601.136
MinimumVisualStudioVersion = 10.0.40219.1
Project("{FAE04EC0-301F-11D3-BF4B-00C04F79EFBC}") = "AssessmentADO1", "AssessmentADO1\AssessmentADO1.csproj", "{033AF74F-AE95-4A1F-9576-DA9A13C8FF6D}"
EndProject
Global
	GlobalSection(SolutionConfigurationPlatforms) = preSolution
		Debug|Any CPU = Debug|Any CPU
		Release|Any CPU = Release|Any CPU
	EndGlobalSection
	GlobalSection(ProjectConfigurationPlatforms) = postSolution
		{033AF74F-AE95-4A1F-9576-DA9A13C8FF6D}.Debug|Any CPU.ActiveCfg = Debug|Any CPU
		{033AF74F-AE95-4A1F-9576-DA9A13C8FF6D}.Debug|Any CPU.Build.0 = Debug|Any CPU
		{033AF74F-AE95-4A1F-9576-DA9A13C8FF6D}.Release|Any CPU.ActiveCfg = Release|Any CPU
		{033AF74F-AE95-4A1F-9576-DA9A13C8FF6D}.Release|Any CPU.Build.0 = Release|Any CPU
	EndGlobalSection
	GlobalSection(SolutionProperties) = preSolution
		HideSolutionNode = FALSE
	EndGlobalSection
	GlobalSection(ExtensibilityGlobals) = postSolution
		SolutionGuid = {381E8DA7-7599-4D73-89D5-17392390DB69}
	EndGlobalSection
EndGlobal
