
Microsoft Visual Studio Solution File, Format Version 12.00
# Visual Studio Version 16
VisualStudioVersion = 16.0.34601.136
MinimumVisualStudioVersion = 10.0.40219.1
Project("{FAE04EC0-301F-11D3-BF4B-00C04F79EFBC}") = "Assessment1", "Assessment1\Assessment1.csproj", "{B41EAB8B-4D90-4C18-A848-DD60449D423E}"
EndProject
Global
	GlobalSection(SolutionConfigurationPlatforms) = preSolution
		Debug|Any CPU = Debug|Any CPU
		Release|Any CPU = Release|Any CPU
	EndGlobalSection
	GlobalSection(ProjectConfigurationPlatforms) = postSolution
		{B41EAB8B-4D90-4C18-A848-DD60449D423E}.Debug|Any CPU.ActiveCfg = Debug|Any CPU
		{B41EAB8B-4D90-4C18-A848-DD60449D423E}.Debug|Any CPU.Build.0 = Debug|Any CPU
		{B41EAB8B-4D90-4C18-A848-DD60449D423E}.Release|Any CPU.ActiveCfg = Release|Any CPU
		{B41EAB8B-4D90-4C18-A848-DD60449D423E}.Release|Any CPU.Build.0 = Release|Any CPU
	EndGlobalSection
	GlobalSection(SolutionProperties) = preSolution
		HideSolutionNode = FALSE
	EndGlobalSection
	GlobalSection(ExtensibilityGlobals) = postSolution
		SolutionGuid = {783030B3-C678-4BEB-A507-DCCA1A932489}
	EndGlobalSection
EndGlobal
