
Microsoft Visual Studio Solution File, Format Version 12.00
# Visual Studio Version 16
VisualStudioVersion = 16.0.34601.136
MinimumVisualStudioVersion = 10.0.40219.1
Project("{FAE04EC0-301F-11D3-BF4B-00C04F79EFBC}") = "Assessment 3", "Assessment 3\Assessment 3.csproj", "{4326366B-4652-4287-B7BB-A64B54D8B1AC}"
EndProject
Global
	GlobalSection(SolutionConfigurationPlatforms) = preSolution
		Debug|Any CPU = Debug|Any CPU
		Release|Any CPU = Release|Any CPU
	EndGlobalSection
	GlobalSection(ProjectConfigurationPlatforms) = postSolution
		{4326366B-4652-4287-B7BB-A64B54D8B1AC}.Debug|Any CPU.ActiveCfg = Debug|Any CPU
		{4326366B-4652-4287-B7BB-A64B54D8B1AC}.Debug|Any CPU.Build.0 = Debug|Any CPU
		{4326366B-4652-4287-B7BB-A64B54D8B1AC}.Release|Any CPU.ActiveCfg = Release|Any CPU
		{4326366B-4652-4287-B7BB-A64B54D8B1AC}.Release|Any CPU.Build.0 = Release|Any CPU
	EndGlobalSection
	GlobalSection(SolutionProperties) = preSolution
		HideSolutionNode = FALSE
	EndGlobalSection
	GlobalSection(ExtensibilityGlobals) = postSolution
		SolutionGuid = {2C17A79F-3712-4AB4-85A9-FF2A7E0BBDF6}
	EndGlobalSection
EndGlobal
