
Microsoft Visual Studio Solution File, Format Version 12.00
# Visual Studio Version 16
VisualStudioVersion = 16.0.34601.136
MinimumVisualStudioVersion = 10.0.40219.1
Project("{FAE04EC0-301F-11D3-BF4B-00C04F79EFBC}") = "Concession", "Concession\Concession.csproj", "{4397B28C-DF33-4D55-868F-1576BB024391}"
EndProject
Project("{FAE04EC0-301F-11D3-BF4B-00C04F79EFBC}") = "ConcessionApp", "ConcessionApp\ConcessionApp.csproj", "{E5EE9F14-94EC-4E5E-A5F6-D25CF8FDC4D7}"
EndProject
Global
	GlobalSection(SolutionConfigurationPlatforms) = preSolution
		Debug|Any CPU = Debug|Any CPU
		Release|Any CPU = Release|Any CPU
	EndGlobalSection
	GlobalSection(ProjectConfigurationPlatforms) = postSolution
		{4397B28C-DF33-4D55-868F-1576BB024391}.Debug|Any CPU.ActiveCfg = Debug|Any CPU
		{4397B28C-DF33-4D55-868F-1576BB024391}.Debug|Any CPU.Build.0 = Debug|Any CPU
		{4397B28C-DF33-4D55-868F-1576BB024391}.Release|Any CPU.ActiveCfg = Release|Any CPU
		{4397B28C-DF33-4D55-868F-1576BB024391}.Release|Any CPU.Build.0 = Release|Any CPU
		{E5EE9F14-94EC-4E5E-A5F6-D25CF8FDC4D7}.Debug|Any CPU.ActiveCfg = Debug|Any CPU
		{E5EE9F14-94EC-4E5E-A5F6-D25CF8FDC4D7}.Debug|Any CPU.Build.0 = Debug|Any CPU
		{E5EE9F14-94EC-4E5E-A5F6-D25CF8FDC4D7}.Release|Any CPU.ActiveCfg = Release|Any CPU
		{E5EE9F14-94EC-4E5E-A5F6-D25CF8FDC4D7}.Release|Any CPU.Build.0 = Release|Any CPU
	EndGlobalSection
	GlobalSection(SolutionProperties) = preSolution
		HideSolutionNode = FALSE
	EndGlobalSection
	GlobalSection(ExtensibilityGlobals) = postSolution
		SolutionGuid = {9815118C-DB6C-4E97-93AE-A6777689BB43}
	EndGlobalSection
EndGlobal
